
Microsoft Visual Studio Solution File, Format Version 12.00
# Visual Studio Version 18
VisualStudioVersion = 18.0.11222.15 d18.0
MinimumVisualStudioVersion = 10.0.40219.1
Project("{FAE04EC0-301F-11D3-BF4B-00C04F79EFBC}") = "DS1054Z", "DS1054Z\DS1054Z.csproj", "{B801396D-7371-4757-94FA-C30C00C9BF83}"
EndProject
Project("{2150E333-8FDC-42A3-9474-1A3956D46DE8}") = "Solution Items", "Solution Items", "{02C39830-2311-4A4E-9198-37DEF887ADBC}"
EndProject
Global
	GlobalSection(SolutionConfigurationPlatforms) = preSolution
		Debug|Any CPU = Debug|Any CPU
		Release|Any CPU = Release|Any CPU
	EndGlobalSection
	GlobalSection(ProjectConfigurationPlatforms) = postSolution
		{B801396D-7371-4757-94FA-C30C00C9BF83}.Debug|Any CPU.ActiveCfg = Debug|Any CPU
		{B801396D-7371-4757-94FA-C30C00C9BF83}.Debug|Any CPU.Build.0 = Debug|Any CPU
		{B801396D-7371-4757-94FA-C30C00C9BF83}.Release|Any CPU.ActiveCfg = Release|Any CPU
		{B801396D-7371-4757-94FA-C30C00C9BF83}.Release|Any CPU.Build.0 = Release|Any CPU
	EndGlobalSection
	GlobalSection(SolutionProperties) = preSolution
		HideSolutionNode = FALSE
	EndGlobalSection
	GlobalSection(ExtensibilityGlobals) = postSolution
		SolutionGuid = {68AB178E-888A-4E32-B1E9-4191685D864B}
	EndGlobalSection
EndGlobal
