
Microsoft Visual Studio Solution File, Format Version 12.00
# Visual Studio 15
VisualStudioVersion = 15.0.27205.0
MinimumVisualStudioVersion = 10.0.40219.1
Project("{FAE04EC0-301F-11D3-BF4B-00C04F79EFBC}") = "DM3058", "DM3058\DM3058.csproj", "{23FD7B91-EBB9-4F7F-B505-A1410E65B779}"
EndProject
Project("{C7167F0D-BC9F-4E6E-AFE1-012C56B48DB5}") = "DM3058 Utility", "DM3058 Utility\DM3058 Utility.wapproj", "{CDBB71B5-6AA0-4BDB-9BD1-1CD66895DEBC}"
EndProject
Global
	GlobalSection(SolutionConfigurationPlatforms) = preSolution
		Debug|Any CPU = Debug|Any CPU
		Debug|x64 = Debug|x64
		Debug|x86 = Debug|x86
		Release|Any CPU = Release|Any CPU
		Release|x64 = Release|x64
		Release|x86 = Release|x86
	EndGlobalSection
	GlobalSection(ProjectConfigurationPlatforms) = postSolution
		{23FD7B91-EBB9-4F7F-B505-A1410E65B779}.Debug|Any CPU.ActiveCfg = Debug|Any CPU
		{23FD7B91-EBB9-4F7F-B505-A1410E65B779}.Debug|Any CPU.Build.0 = Debug|Any CPU
		{23FD7B91-EBB9-4F7F-B505-A1410E65B779}.Debug|x64.ActiveCfg = Debug|Any CPU
		{23FD7B91-EBB9-4F7F-B505-A1410E65B779}.Debug|x64.Build.0 = Debug|Any CPU
		{23FD7B91-EBB9-4F7F-B505-A1410E65B779}.Debug|x86.ActiveCfg = Debug|Any CPU
		{23FD7B91-EBB9-4F7F-B505-A1410E65B779}.Debug|x86.Build.0 = Debug|Any CPU
		{23FD7B91-EBB9-4F7F-B505-A1410E65B779}.Release|Any CPU.ActiveCfg = Release|Any CPU
		{23FD7B91-EBB9-4F7F-B505-A1410E65B779}.Release|Any CPU.Build.0 = Release|Any CPU
		{23FD7B91-EBB9-4F7F-B505-A1410E65B779}.Release|x64.ActiveCfg = Release|Any CPU
		{23FD7B91-EBB9-4F7F-B505-A1410E65B779}.Release|x64.Build.0 = Release|Any CPU
		{23FD7B91-EBB9-4F7F-B505-A1410E65B779}.Release|x86.ActiveCfg = Release|Any CPU
		{23FD7B91-EBB9-4F7F-B505-A1410E65B779}.Release|x86.Build.0 = Release|Any CPU
		{CDBB71B5-6AA0-4BDB-9BD1-1CD66895DEBC}.Debug|Any CPU.ActiveCfg = Debug|Any CPU
		{CDBB71B5-6AA0-4BDB-9BD1-1CD66895DEBC}.Debug|Any CPU.Build.0 = Debug|Any CPU
		{CDBB71B5-6AA0-4BDB-9BD1-1CD66895DEBC}.Debug|Any CPU.Deploy.0 = Debug|Any CPU
		{CDBB71B5-6AA0-4BDB-9BD1-1CD66895DEBC}.Debug|x64.ActiveCfg = Debug|x64
		{CDBB71B5-6AA0-4BDB-9BD1-1CD66895DEBC}.Debug|x64.Build.0 = Debug|x64
		{CDBB71B5-6AA0-4BDB-9BD1-1CD66895DEBC}.Debug|x64.Deploy.0 = Debug|x64
		{CDBB71B5-6AA0-4BDB-9BD1-1CD66895DEBC}.Debug|x86.ActiveCfg = Debug|x86
		{CDBB71B5-6AA0-4BDB-9BD1-1CD66895DEBC}.Debug|x86.Build.0 = Debug|x86
		{CDBB71B5-6AA0-4BDB-9BD1-1CD66895DEBC}.Debug|x86.Deploy.0 = Debug|x86
		{CDBB71B5-6AA0-4BDB-9BD1-1CD66895DEBC}.Release|Any CPU.ActiveCfg = Release|Any CPU
		{CDBB71B5-6AA0-4BDB-9BD1-1CD66895DEBC}.Release|Any CPU.Build.0 = Release|Any CPU
		{CDBB71B5-6AA0-4BDB-9BD1-1CD66895DEBC}.Release|Any CPU.Deploy.0 = Release|Any CPU
		{CDBB71B5-6AA0-4BDB-9BD1-1CD66895DEBC}.Release|x64.ActiveCfg = Release|x64
		{CDBB71B5-6AA0-4BDB-9BD1-1CD66895DEBC}.Release|x64.Build.0 = Release|x64
		{CDBB71B5-6AA0-4BDB-9BD1-1CD66895DEBC}.Release|x64.Deploy.0 = Release|x64
		{CDBB71B5-6AA0-4BDB-9BD1-1CD66895DEBC}.Release|x86.ActiveCfg = Release|x86
		{CDBB71B5-6AA0-4BDB-9BD1-1CD66895DEBC}.Release|x86.Build.0 = Release|x86
		{CDBB71B5-6AA0-4BDB-9BD1-1CD66895DEBC}.Release|x86.Deploy.0 = Release|x86
	EndGlobalSection
	GlobalSection(SolutionProperties) = preSolution
		HideSolutionNode = FALSE
	EndGlobalSection
	GlobalSection(ExtensibilityGlobals) = postSolution
		SolutionGuid = {27CBFBF4-FC30-4D07-95F0-2931E6FB95DB}
	EndGlobalSection
EndGlobal
