
Microsoft Visual Studio Solution File, Format Version 12.00
# Visual Studio Version 17
VisualStudioVersion = 17.1.32421.90
MinimumVisualStudioVersion = 10.0.40219.1
Project("{FAE04EC0-301F-11D3-BF4B-00C04F79EFBC}") = "ToEngineeringFormatRework", "ToEngineeringFormatRework\ToEngineeringFormatRework.csproj", "{2B5AF4FD-0603-4BEC-8CE7-7190D598003D}"
EndProject
Global
	GlobalSection(SolutionConfigurationPlatforms) = preSolution
		Debug|Any CPU = Debug|Any CPU
		Release|Any CPU = Release|Any CPU
	EndGlobalSection
	GlobalSection(ProjectConfigurationPlatforms) = postSolution
		{2B5AF4FD-0603-4BEC-8CE7-7190D598003D}.Debug|Any CPU.ActiveCfg = Debug|Any CPU
		{2B5AF4FD-0603-4BEC-8CE7-7190D598003D}.Debug|Any CPU.Build.0 = Debug|Any CPU
		{2B5AF4FD-0603-4BEC-8CE7-7190D598003D}.Release|Any CPU.ActiveCfg = Release|Any CPU
		{2B5AF4FD-0603-4BEC-8CE7-7190D598003D}.Release|Any CPU.Build.0 = Release|Any CPU
	EndGlobalSection
	GlobalSection(SolutionProperties) = preSolution
		HideSolutionNode = FALSE
	EndGlobalSection
	GlobalSection(ExtensibilityGlobals) = postSolution
		SolutionGuid = {A16697DF-4801-459C-B78B-E6192F4782FE}
	EndGlobalSection
EndGlobal
