
Microsoft Visual Studio Solution File, Format Version 12.00
# Visual Studio Version 17
VisualStudioVersion = 17.1.32421.90
MinimumVisualStudioVersion = 10.0.40219.1
Project("{FAE04EC0-301F-11D3-BF4B-00C04F79EFBC}") = "HP8350BTestHarness", "HP8350BTestHarness\HP8350BTestHarness.csproj", "{B4A53786-0E15-48F9-A181-83562B638926}"
EndProject
Project("{FAE04EC0-301F-11D3-BF4B-00C04F79EFBC}") = "HP8350B", "HP8350B\HP8350B.csproj", "{91CFFA7F-EDF4-4ED2-9646-EC8BB57462FB}"
EndProject
Project("{FAE04EC0-301F-11D3-BF4B-00C04F79EFBC}") = "HP53131A", "HP53131A\HP53131A.csproj", "{F97B1E86-AE55-4FE7-B871-F6C7DE310F46}"
EndProject
Project("{FAE04EC0-301F-11D3-BF4B-00C04F79EFBC}") = "HPE4418B", "HPE4418B\HPE4418B.csproj", "{96AB99CB-D3DF-47A8-867C-E772FB4F6126}"
EndProject
Global
	GlobalSection(SolutionConfigurationPlatforms) = preSolution
		Debug|Any CPU = Debug|Any CPU
		Release|Any CPU = Release|Any CPU
	EndGlobalSection
	GlobalSection(ProjectConfigurationPlatforms) = postSolution
		{B4A53786-0E15-48F9-A181-83562B638926}.Debug|Any CPU.ActiveCfg = Debug|Any CPU
		{B4A53786-0E15-48F9-A181-83562B638926}.Debug|Any CPU.Build.0 = Debug|Any CPU
		{B4A53786-0E15-48F9-A181-83562B638926}.Release|Any CPU.ActiveCfg = Release|Any CPU
		{B4A53786-0E15-48F9-A181-83562B638926}.Release|Any CPU.Build.0 = Release|Any CPU
		{91CFFA7F-EDF4-4ED2-9646-EC8BB57462FB}.Debug|Any CPU.ActiveCfg = Debug|Any CPU
		{91CFFA7F-EDF4-4ED2-9646-EC8BB57462FB}.Debug|Any CPU.Build.0 = Debug|Any CPU
		{91CFFA7F-EDF4-4ED2-9646-EC8BB57462FB}.Release|Any CPU.ActiveCfg = Release|Any CPU
		{91CFFA7F-EDF4-4ED2-9646-EC8BB57462FB}.Release|Any CPU.Build.0 = Release|Any CPU
		{F97B1E86-AE55-4FE7-B871-F6C7DE310F46}.Debug|Any CPU.ActiveCfg = Debug|Any CPU
		{F97B1E86-AE55-4FE7-B871-F6C7DE310F46}.Debug|Any CPU.Build.0 = Debug|Any CPU
		{F97B1E86-AE55-4FE7-B871-F6C7DE310F46}.Release|Any CPU.ActiveCfg = Release|Any CPU
		{F97B1E86-AE55-4FE7-B871-F6C7DE310F46}.Release|Any CPU.Build.0 = Release|Any CPU
		{96AB99CB-D3DF-47A8-867C-E772FB4F6126}.Debug|Any CPU.ActiveCfg = Debug|Any CPU
		{96AB99CB-D3DF-47A8-867C-E772FB4F6126}.Debug|Any CPU.Build.0 = Debug|Any CPU
		{96AB99CB-D3DF-47A8-867C-E772FB4F6126}.Release|Any CPU.ActiveCfg = Release|Any CPU
		{96AB99CB-D3DF-47A8-867C-E772FB4F6126}.Release|Any CPU.Build.0 = Release|Any CPU
	EndGlobalSection
	GlobalSection(SolutionProperties) = preSolution
		HideSolutionNode = FALSE
	EndGlobalSection
	GlobalSection(ExtensibilityGlobals) = postSolution
		SolutionGuid = {F8B5168A-D49C-4C35-97F8-2147E914B4A6}
	EndGlobalSection
EndGlobal
