
Microsoft Visual Studio Solution File, Format Version 12.00
# Visual Studio 15
VisualStudioVersion = 15.0.28307.489
MinimumVisualStudioVersion = 10.0.40219.1
Project("{FAE04EC0-301F-11D3-BF4B-00C04F79EFBC}") = "HP438ACmdLib", "HP438ACmdLib\HP438ACmdLib.csproj", "{22756E3F-0DB3-44EA-998C-0866FE476344}"
EndProject
Project("{FAE04EC0-301F-11D3-BF4B-00C04F79EFBC}") = "CmdTestHarness", "CmdTestHarness\CmdTestHarness.csproj", "{38E46AA1-D497-42F9-8DA2-79BCAAA023C8}"
EndProject
Global
	GlobalSection(SolutionConfigurationPlatforms) = preSolution
		Debug|Any CPU = Debug|Any CPU
		Release|Any CPU = Release|Any CPU
	EndGlobalSection
	GlobalSection(ProjectConfigurationPlatforms) = postSolution
		{22756E3F-0DB3-44EA-998C-0866FE476344}.Debug|Any CPU.ActiveCfg = Debug|Any CPU
		{22756E3F-0DB3-44EA-998C-0866FE476344}.Debug|Any CPU.Build.0 = Debug|Any CPU
		{22756E3F-0DB3-44EA-998C-0866FE476344}.Release|Any CPU.ActiveCfg = Release|Any CPU
		{22756E3F-0DB3-44EA-998C-0866FE476344}.Release|Any CPU.Build.0 = Release|Any CPU
		{38E46AA1-D497-42F9-8DA2-79BCAAA023C8}.Debug|Any CPU.ActiveCfg = Debug|Any CPU
		{38E46AA1-D497-42F9-8DA2-79BCAAA023C8}.Debug|Any CPU.Build.0 = Debug|Any CPU
		{38E46AA1-D497-42F9-8DA2-79BCAAA023C8}.Release|Any CPU.ActiveCfg = Release|Any CPU
		{38E46AA1-D497-42F9-8DA2-79BCAAA023C8}.Release|Any CPU.Build.0 = Release|Any CPU
	EndGlobalSection
	GlobalSection(SolutionProperties) = preSolution
		HideSolutionNode = FALSE
	EndGlobalSection
	GlobalSection(ExtensibilityGlobals) = postSolution
		SolutionGuid = {C99746E8-D517-44E7-B881-7403289270F4}
	EndGlobalSection
EndGlobal
