
Microsoft Visual Studio Solution File, Format Version 12.00
# Visual Studio Version 17
VisualStudioVersion = 17.4.33103.184
MinimumVisualStudioVersion = 10.0.40219.1
Project("{FAE04EC0-301F-11D3-BF4B-00C04F79EFBC}") = "DM3058DataLogging", "DM3058DataLogging\DM3058DataLogging.csproj", "{7565DF98-BE0C-46C3-8AA6-8559841FE829}"
EndProject
Global
	GlobalSection(SolutionConfigurationPlatforms) = preSolution
		Debug|Any CPU = Debug|Any CPU
		Release|Any CPU = Release|Any CPU
	EndGlobalSection
	GlobalSection(ProjectConfigurationPlatforms) = postSolution
		{7565DF98-BE0C-46C3-8AA6-8559841FE829}.Debug|Any CPU.ActiveCfg = Debug|Any CPU
		{7565DF98-BE0C-46C3-8AA6-8559841FE829}.Debug|Any CPU.Build.0 = Debug|Any CPU
		{7565DF98-BE0C-46C3-8AA6-8559841FE829}.Release|Any CPU.ActiveCfg = Release|Any CPU
		{7565DF98-BE0C-46C3-8AA6-8559841FE829}.Release|Any CPU.Build.0 = Release|Any CPU
	EndGlobalSection
	GlobalSection(SolutionProperties) = preSolution
		HideSolutionNode = FALSE
	EndGlobalSection
	GlobalSection(ExtensibilityGlobals) = postSolution
		SolutionGuid = {CF3400C3-B398-4F16-B45B-7F6BF2E1457C}
	EndGlobalSection
EndGlobal
